
Microsoft Visual Studio Solution File, Format Version 12.00
# Visual Studio Version 17
VisualStudioVersion = 17.6.33712.159
MinimumVisualStudioVersion = 10.0.40219.1
Project("{FAE04EC0-301F-11D3-BF4B-00C04F79EFBC}") = "InitiativeTracker", "InitiativeTracker\InitiativeTracker.csproj", "{3FA29726-8E6D-4639-B8C3-59449170F83B}"
EndProject
Global
	GlobalSection(SolutionConfigurationPlatforms) = preSolution
		Debug|Any CPU = Debug|Any CPU
		Release|Any CPU = Release|Any CPU
	EndGlobalSection
	GlobalSection(ProjectConfigurationPlatforms) = postSolution
		{3FA29726-8E6D-4639-B8C3-59449170F83B}.Debug|Any CPU.ActiveCfg = Debug|Any CPU
		{3FA29726-8E6D-4639-B8C3-59449170F83B}.Debug|Any CPU.Build.0 = Debug|Any CPU
		{3FA29726-8E6D-4639-B8C3-59449170F83B}.Release|Any CPU.ActiveCfg = Release|Any CPU
		{3FA29726-8E6D-4639-B8C3-59449170F83B}.Release|Any CPU.Build.0 = Release|Any CPU
	EndGlobalSection
	GlobalSection(SolutionProperties) = preSolution
		HideSolutionNode = FALSE
	EndGlobalSection
	GlobalSection(ExtensibilityGlobals) = postSolution
		SolutionGuid = {C9E52024-0B40-4808-B5B0-4132234FBA79}
	EndGlobalSection
EndGlobal
